
Microsoft Visual Studio Solution File, Format Version 12.00
# Visual Studio Version 17
VisualStudioVersion = 17.0.31903.59
MinimumVisualStudioVersion = 10.0.40219.1
Project("{FAE04EC0-301F-11D3-BF4B-00C04F79EFBC}") = "Downardo.CodeAnalyzers", "Downardo.CodeAnalyzers\Downardo.CodeAnalyzers.csproj", "{C9472092-2153-4B7D-BC58-E8C622D2179B}"
EndProject
Project("{FAE04EC0-301F-11D3-BF4B-00C04F79EFBC}") = "Downardo.CodeAnalyzers.Test", "Downardo.CodeAnalyzers.Test\Downardo.CodeAnalyzers.Test.csproj", "{2B89C340-285F-4FBA-8D3E-B9319C9CCDD6}"
EndProject
Global
	GlobalSection(SolutionConfigurationPlatforms) = preSolution
		Debug|Any CPU = Debug|Any CPU
		Release|Any CPU = Release|Any CPU
	EndGlobalSection
	GlobalSection(SolutionProperties) = preSolution
		HideSolutionNode = FALSE
	EndGlobalSection
	GlobalSection(ProjectConfigurationPlatforms) = postSolution
		{C9472092-2153-4B7D-BC58-E8C622D2179B}.Debug|Any CPU.ActiveCfg = Debug|Any CPU
		{C9472092-2153-4B7D-BC58-E8C622D2179B}.Debug|Any CPU.Build.0 = Debug|Any CPU
		{C9472092-2153-4B7D-BC58-E8C622D2179B}.Release|Any CPU.ActiveCfg = Release|Any CPU
		{C9472092-2153-4B7D-BC58-E8C622D2179B}.Release|Any CPU.Build.0 = Release|Any CPU
		{2B89C340-285F-4FBA-8D3E-B9319C9CCDD6}.Debug|Any CPU.ActiveCfg = Debug|Any CPU
		{2B89C340-285F-4FBA-8D3E-B9319C9CCDD6}.Debug|Any CPU.Build.0 = Debug|Any CPU
		{2B89C340-285F-4FBA-8D3E-B9319C9CCDD6}.Release|Any CPU.ActiveCfg = Release|Any CPU
		{2B89C340-285F-4FBA-8D3E-B9319C9CCDD6}.Release|Any CPU.Build.0 = Release|Any CPU
	EndGlobalSection
EndGlobal
